
Microsoft Visual Studio Solution File, Format Version 12.00
# Visual Studio 2013
VisualStudioVersion = 12.0.31101.0
MinimumVisualStudioVersion = 10.0.40219.1
Project("{2150E333-8FDC-42A3-9474-1A3956D46DE8}") = "ThirdParty", "ThirdParty", "{D14EDB71-D194-4AFC-869B-F02D4358A261}"
EndProject
Project("{2150E333-8FDC-42A3-9474-1A3956D46DE8}") = "SFU", "SFU", "{7B6DE6F5-AF03-4378-9B4B-DCA55AD0A86D}"
EndProject
Project("{8BC9CEB8-8B4A-11D0-8D11-00A0C91BC942}") = "media", "Src\media\media.vcxproj", "{52EC2966-EF28-4683-A104-C7508D3F9C07}"
	ProjectSection(ProjectDependencies) = postProject
		{724A6F4F-5D3F-45B5-8F85-16DB5EE9A59B} = {724A6F4F-5D3F-45B5-8F85-16DB5EE9A59B}
		{EEF031CB-FED8-451E-A471-91EC8D4F6750} = {EEF031CB-FED8-451E-A471-91EC8D4F6750}
	EndProjectSection
EndProject
Project("{8BC9CEB8-8B4A-11D0-8D11-00A0C91BC942}") = "zlib", "ThirdParty\zlib\zlib.vcxproj", "{2E810868-0C1A-4A21-90BE-9094EA194C16}"
EndProject
Project("{8BC9CEB8-8B4A-11D0-8D11-00A0C91BC942}") = "Common", "Src\Common\Common.vcxproj", "{724A6F4F-5D3F-45B5-8F85-16DB5EE9A59B}"
	ProjectSection(ProjectDependencies) = postProject
		{079C7960-1EAB-4924-8D43-5C16E3B80C0F} = {079C7960-1EAB-4924-8D43-5C16E3B80C0F}
		{2E810868-0C1A-4A21-90BE-9094EA194C16} = {2E810868-0C1A-4A21-90BE-9094EA194C16}
	EndProjectSection
EndProject
Project("{8BC9CEB8-8B4A-11D0-8D11-00A0C91BC942}") = "srtp", "ThirdParty\srtp\srtp.vcxproj", "{EEF031CB-FED8-451E-A471-91EC8D4F6750}"
EndProject
Project("{8BC9CEB8-8B4A-11D0-8D11-00A0C91BC942}") = "jsoncpp", "ThirdParty\jsoncpp-1.6.5\src\jsoncpp.vcxproj", "{079C7960-1EAB-4924-8D43-5C16E3B80C0F}"
EndProject
Project("{2150E333-8FDC-42A3-9474-1A3956D46DE8}") = "LibEvent", "LibEvent", "{BFE47FE6-0BDA-43B5-9C07-C049DAB4D83C}"
EndProject
Project("{8BC9CEB8-8B4A-11D0-8D11-00A0C91BC942}") = "event_core", "ThirdParty\libevent\event_core.vcxproj", "{C10EA74D-AFD2-464B-B4E9-E624C4F78511}"
EndProject
Project("{8BC9CEB8-8B4A-11D0-8D11-00A0C91BC942}") = "event_extra", "ThirdParty\libevent\event_extra.vcxproj", "{DD502E8B-FE76-4293-B48C-38E47ED444D5}"
EndProject
Project("{8BC9CEB8-8B4A-11D0-8D11-00A0C91BC942}") = "event", "ThirdParty\libevent\event.vcxproj", "{C6D237DD-ED07-49C6-A6D0-154DB1F6A062}"
EndProject
Project("{8BC9CEB8-8B4A-11D0-8D11-00A0C91BC942}") = "Server", "Src\Server\Server.vcxproj", "{98EA0543-3270-4C5D-A339-BEAFCFFC2A4E}"
	ProjectSection(ProjectDependencies) = postProject
		{46CF2D25-6A36-4189-B59C-E4815388E554} = {46CF2D25-6A36-4189-B59C-E4815388E554}
		{C10EA74D-AFD2-464B-B4E9-E624C4F78511} = {C10EA74D-AFD2-464B-B4E9-E624C4F78511}
		{724A6F4F-5D3F-45B5-8F85-16DB5EE9A59B} = {724A6F4F-5D3F-45B5-8F85-16DB5EE9A59B}
		{079C7960-1EAB-4924-8D43-5C16E3B80C0F} = {079C7960-1EAB-4924-8D43-5C16E3B80C0F}
		{52EC2966-EF28-4683-A104-C7508D3F9C07} = {52EC2966-EF28-4683-A104-C7508D3F9C07}
		{2E810868-0C1A-4A21-90BE-9094EA194C16} = {2E810868-0C1A-4A21-90BE-9094EA194C16}
		{DD502E8B-FE76-4293-B48C-38E47ED444D5} = {DD502E8B-FE76-4293-B48C-38E47ED444D5}
		{EEF031CB-FED8-451E-A471-91EC8D4F6750} = {EEF031CB-FED8-451E-A471-91EC8D4F6750}
		{C6D237DD-ED07-49C6-A6D0-154DB1F6A062} = {C6D237DD-ED07-49C6-A6D0-154DB1F6A062}
	EndProjectSection
EndProject
Project("{8BC9CEB8-8B4A-11D0-8D11-00A0C91BC942}") = "Client", "Src\Client\Client.vcxproj", "{FC6416CB-EE05-4784-B9A5-55D61FB6DE39}"
	ProjectSection(ProjectDependencies) = postProject
		{46CF2D25-6A36-4189-B59C-E4815388E554} = {46CF2D25-6A36-4189-B59C-E4815388E554}
		{724A6F4F-5D3F-45B5-8F85-16DB5EE9A59B} = {724A6F4F-5D3F-45B5-8F85-16DB5EE9A59B}
		{E106ACD7-4E53-4AEE-942B-D0DD426DB34E} = {E106ACD7-4E53-4AEE-942B-D0DD426DB34E}
	EndProjectSection
EndProject
Project("{8BC9CEB8-8B4A-11D0-8D11-00A0C91BC942}") = "libnice", "ThirdParty\libnice-0.1.4\win32\vs9\libnice.vcxproj", "{550C7FB8-DBFE-4364-B26A-DAF7158CD878}"
	ProjectSection(ProjectDependencies) = postProject
		{12BCA020-EABF-429E-876A-A476BC9C10C0} = {12BCA020-EABF-429E-876A-A476BC9C10C0}
		{F3D1583C-5613-4809-BD98-7CC1C1276F92} = {F3D1583C-5613-4809-BD98-7CC1C1276F92}
	EndProjectSection
EndProject
Project("{2150E333-8FDC-42A3-9474-1A3956D46DE8}") = "glib", "glib", "{938391E4-A788-4BBF-8CDB-7DE418E5ACEA}"
EndProject
Project("{8BC9CEB8-8B4A-11D0-8D11-00A0C91BC942}") = "gio", "ThirdParty\glib-2.28.8\build\win32\vs10\gio.vcxproj", "{F3D1583C-5613-4809-BD98-7CC1C1276F92}"
	ProjectSection(ProjectDependencies) = postProject
		{C8AFB8C3-FFFD-460F-BC13-9AC25D7B117C} = {C8AFB8C3-FFFD-460F-BC13-9AC25D7B117C}
	EndProjectSection
EndProject
Project("{8BC9CEB8-8B4A-11D0-8D11-00A0C91BC942}") = "glib", "ThirdParty\glib-2.28.8\build\win32\vs10\glib.vcxproj", "{12BCA020-EABF-429E-876A-A476BC9C10C0}"
EndProject
Project("{8BC9CEB8-8B4A-11D0-8D11-00A0C91BC942}") = "gmodule", "ThirdParty\glib-2.28.8\build\win32\vs10\gmodule.vcxproj", "{4214047C-F5C1-40B3-8369-5DCED8C32770}"
EndProject
Project("{8BC9CEB8-8B4A-11D0-8D11-00A0C91BC942}") = "gobject", "ThirdParty\glib-2.28.8\build\win32\vs10\gobject.vcxproj", "{F172EFFC-E30F-4593-809E-DB2024B1E753}"
EndProject
Project("{8BC9CEB8-8B4A-11D0-8D11-00A0C91BC942}") = "gthread", "ThirdParty\glib-2.28.8\build\win32\vs10\gthread.vcxproj", "{C8AFB8C3-FFFD-460F-BC13-9AC25D7B117C}"
EndProject
Project("{8BC9CEB8-8B4A-11D0-8D11-00A0C91BC942}") = "DuiLib", "ThirdParty\DuiLib\DuiLib.vcxproj", "{E106ACD7-4E53-4AEE-942B-D0DD426DB34E}"
EndProject
Project("{8BC9CEB8-8B4A-11D0-8D11-00A0C91BC942}") = "mbedTLS", "ThirdParty\polarssl\visualc\VS2013\mbedTLS.vcxproj", "{46CF2D25-6A36-4189-B59C-E4815388E554}"
EndProject
Global
	GlobalSection(SolutionConfigurationPlatforms) = preSolution
		Debug|Win32 = Debug|Win32
		Debug|x64 = Debug|x64
		Release|Win32 = Release|Win32
		Release|x64 = Release|x64
	EndGlobalSection
	GlobalSection(ProjectConfigurationPlatforms) = postSolution
		{52EC2966-EF28-4683-A104-C7508D3F9C07}.Debug|Win32.ActiveCfg = Debug|Win32
		{52EC2966-EF28-4683-A104-C7508D3F9C07}.Debug|Win32.Build.0 = Debug|Win32
		{52EC2966-EF28-4683-A104-C7508D3F9C07}.Debug|x64.ActiveCfg = Debug|Win32
		{52EC2966-EF28-4683-A104-C7508D3F9C07}.Release|Win32.ActiveCfg = Release|Win32
		{52EC2966-EF28-4683-A104-C7508D3F9C07}.Release|Win32.Build.0 = Release|Win32
		{52EC2966-EF28-4683-A104-C7508D3F9C07}.Release|x64.ActiveCfg = Release|Win32
		{2E810868-0C1A-4A21-90BE-9094EA194C16}.Debug|Win32.ActiveCfg = Debug|Win32
		{2E810868-0C1A-4A21-90BE-9094EA194C16}.Debug|Win32.Build.0 = Debug|Win32
		{2E810868-0C1A-4A21-90BE-9094EA194C16}.Debug|x64.ActiveCfg = Debug|Win32
		{2E810868-0C1A-4A21-90BE-9094EA194C16}.Release|Win32.ActiveCfg = Release|Win32
		{2E810868-0C1A-4A21-90BE-9094EA194C16}.Release|Win32.Build.0 = Release|Win32
		{2E810868-0C1A-4A21-90BE-9094EA194C16}.Release|x64.ActiveCfg = Release|Win32
		{724A6F4F-5D3F-45B5-8F85-16DB5EE9A59B}.Debug|Win32.ActiveCfg = Debug|Win32
		{724A6F4F-5D3F-45B5-8F85-16DB5EE9A59B}.Debug|Win32.Build.0 = Debug|Win32
		{724A6F4F-5D3F-45B5-8F85-16DB5EE9A59B}.Debug|x64.ActiveCfg = Debug|Win32
		{724A6F4F-5D3F-45B5-8F85-16DB5EE9A59B}.Release|Win32.ActiveCfg = Release|Win32
		{724A6F4F-5D3F-45B5-8F85-16DB5EE9A59B}.Release|Win32.Build.0 = Release|Win32
		{724A6F4F-5D3F-45B5-8F85-16DB5EE9A59B}.Release|x64.ActiveCfg = Release|Win32
		{EEF031CB-FED8-451E-A471-91EC8D4F6750}.Debug|Win32.ActiveCfg = Debug|Win32
		{EEF031CB-FED8-451E-A471-91EC8D4F6750}.Debug|Win32.Build.0 = Debug|Win32
		{EEF031CB-FED8-451E-A471-91EC8D4F6750}.Debug|x64.ActiveCfg = Debug|Win32
		{EEF031CB-FED8-451E-A471-91EC8D4F6750}.Release|Win32.ActiveCfg = Release|Win32
		{EEF031CB-FED8-451E-A471-91EC8D4F6750}.Release|Win32.Build.0 = Release|Win32
		{EEF031CB-FED8-451E-A471-91EC8D4F6750}.Release|x64.ActiveCfg = Release|Win32
		{079C7960-1EAB-4924-8D43-5C16E3B80C0F}.Debug|Win32.ActiveCfg = Debug|Win32
		{079C7960-1EAB-4924-8D43-5C16E3B80C0F}.Debug|Win32.Build.0 = Debug|Win32
		{079C7960-1EAB-4924-8D43-5C16E3B80C0F}.Debug|x64.ActiveCfg = Debug|Win32
		{079C7960-1EAB-4924-8D43-5C16E3B80C0F}.Release|Win32.ActiveCfg = Release|Win32
		{079C7960-1EAB-4924-8D43-5C16E3B80C0F}.Release|Win32.Build.0 = Release|Win32
		{079C7960-1EAB-4924-8D43-5C16E3B80C0F}.Release|x64.ActiveCfg = Release|Win32
		{C10EA74D-AFD2-464B-B4E9-E624C4F78511}.Debug|Win32.ActiveCfg = Debug|Win32
		{C10EA74D-AFD2-464B-B4E9-E624C4F78511}.Debug|Win32.Build.0 = Debug|Win32
		{C10EA74D-AFD2-464B-B4E9-E624C4F78511}.Debug|x64.ActiveCfg = Debug|Win32
		{C10EA74D-AFD2-464B-B4E9-E624C4F78511}.Release|Win32.ActiveCfg = Release|Win32
		{C10EA74D-AFD2-464B-B4E9-E624C4F78511}.Release|Win32.Build.0 = Release|Win32
		{C10EA74D-AFD2-464B-B4E9-E624C4F78511}.Release|x64.ActiveCfg = Release|Win32
		{DD502E8B-FE76-4293-B48C-38E47ED444D5}.Debug|Win32.ActiveCfg = Debug|Win32
		{DD502E8B-FE76-4293-B48C-38E47ED444D5}.Debug|Win32.Build.0 = Debug|Win32
		{DD502E8B-FE76-4293-B48C-38E47ED444D5}.Debug|x64.ActiveCfg = Debug|Win32
		{DD502E8B-FE76-4293-B48C-38E47ED444D5}.Release|Win32.ActiveCfg = Release|Win32
		{DD502E8B-FE76-4293-B48C-38E47ED444D5}.Release|Win32.Build.0 = Release|Win32
		{DD502E8B-FE76-4293-B48C-38E47ED444D5}.Release|x64.ActiveCfg = Release|Win32
		{C6D237DD-ED07-49C6-A6D0-154DB1F6A062}.Debug|Win32.ActiveCfg = Debug|Win32
		{C6D237DD-ED07-49C6-A6D0-154DB1F6A062}.Debug|Win32.Build.0 = Debug|Win32
		{C6D237DD-ED07-49C6-A6D0-154DB1F6A062}.Debug|x64.ActiveCfg = Debug|Win32
		{C6D237DD-ED07-49C6-A6D0-154DB1F6A062}.Release|Win32.ActiveCfg = Release|Win32
		{C6D237DD-ED07-49C6-A6D0-154DB1F6A062}.Release|Win32.Build.0 = Release|Win32
		{C6D237DD-ED07-49C6-A6D0-154DB1F6A062}.Release|x64.ActiveCfg = Release|Win32
		{98EA0543-3270-4C5D-A339-BEAFCFFC2A4E}.Debug|Win32.ActiveCfg = Debug|Win32
		{98EA0543-3270-4C5D-A339-BEAFCFFC2A4E}.Debug|Win32.Build.0 = Debug|Win32
		{98EA0543-3270-4C5D-A339-BEAFCFFC2A4E}.Debug|x64.ActiveCfg = Debug|Win32
		{98EA0543-3270-4C5D-A339-BEAFCFFC2A4E}.Release|Win32.ActiveCfg = Release|Win32
		{98EA0543-3270-4C5D-A339-BEAFCFFC2A4E}.Release|Win32.Build.0 = Release|Win32
		{98EA0543-3270-4C5D-A339-BEAFCFFC2A4E}.Release|x64.ActiveCfg = Release|Win32
		{FC6416CB-EE05-4784-B9A5-55D61FB6DE39}.Debug|Win32.ActiveCfg = Debug|Win32
		{FC6416CB-EE05-4784-B9A5-55D61FB6DE39}.Debug|Win32.Build.0 = Debug|Win32
		{FC6416CB-EE05-4784-B9A5-55D61FB6DE39}.Debug|x64.ActiveCfg = Debug|Win32
		{FC6416CB-EE05-4784-B9A5-55D61FB6DE39}.Release|Win32.ActiveCfg = Release|Win32
		{FC6416CB-EE05-4784-B9A5-55D61FB6DE39}.Release|Win32.Build.0 = Release|Win32
		{FC6416CB-EE05-4784-B9A5-55D61FB6DE39}.Release|x64.ActiveCfg = Release|Win32
		{550C7FB8-DBFE-4364-B26A-DAF7158CD878}.Debug|Win32.ActiveCfg = Debug|Win32
		{550C7FB8-DBFE-4364-B26A-DAF7158CD878}.Debug|Win32.Build.0 = Debug|Win32
		{550C7FB8-DBFE-4364-B26A-DAF7158CD878}.Debug|x64.ActiveCfg = Debug|Win32
		{550C7FB8-DBFE-4364-B26A-DAF7158CD878}.Release|Win32.ActiveCfg = Release|Win32
		{550C7FB8-DBFE-4364-B26A-DAF7158CD878}.Release|Win32.Build.0 = Release|Win32
		{550C7FB8-DBFE-4364-B26A-DAF7158CD878}.Release|x64.ActiveCfg = Release|Win32
		{F3D1583C-5613-4809-BD98-7CC1C1276F92}.Debug|Win32.ActiveCfg = Debug|Win32
		{F3D1583C-5613-4809-BD98-7CC1C1276F92}.Debug|Win32.Build.0 = Debug|Win32
		{F3D1583C-5613-4809-BD98-7CC1C1276F92}.Debug|x64.ActiveCfg = Debug|x64
		{F3D1583C-5613-4809-BD98-7CC1C1276F92}.Debug|x64.Build.0 = Debug|x64
		{F3D1583C-5613-4809-BD98-7CC1C1276F92}.Release|Win32.ActiveCfg = Release|Win32
		{F3D1583C-5613-4809-BD98-7CC1C1276F92}.Release|Win32.Build.0 = Release|Win32
		{F3D1583C-5613-4809-BD98-7CC1C1276F92}.Release|x64.ActiveCfg = Release|x64
		{F3D1583C-5613-4809-BD98-7CC1C1276F92}.Release|x64.Build.0 = Release|x64
		{12BCA020-EABF-429E-876A-A476BC9C10C0}.Debug|Win32.ActiveCfg = Debug|Win32
		{12BCA020-EABF-429E-876A-A476BC9C10C0}.Debug|Win32.Build.0 = Debug|Win32
		{12BCA020-EABF-429E-876A-A476BC9C10C0}.Debug|x64.ActiveCfg = Debug|x64
		{12BCA020-EABF-429E-876A-A476BC9C10C0}.Debug|x64.Build.0 = Debug|x64
		{12BCA020-EABF-429E-876A-A476BC9C10C0}.Release|Win32.ActiveCfg = Release|Win32
		{12BCA020-EABF-429E-876A-A476BC9C10C0}.Release|Win32.Build.0 = Release|Win32
		{12BCA020-EABF-429E-876A-A476BC9C10C0}.Release|x64.ActiveCfg = Release|x64
		{12BCA020-EABF-429E-876A-A476BC9C10C0}.Release|x64.Build.0 = Release|x64
		{4214047C-F5C1-40B3-8369-5DCED8C32770}.Debug|Win32.ActiveCfg = Debug|Win32
		{4214047C-F5C1-40B3-8369-5DCED8C32770}.Debug|Win32.Build.0 = Debug|Win32
		{4214047C-F5C1-40B3-8369-5DCED8C32770}.Debug|x64.ActiveCfg = Debug|x64
		{4214047C-F5C1-40B3-8369-5DCED8C32770}.Debug|x64.Build.0 = Debug|x64
		{4214047C-F5C1-40B3-8369-5DCED8C32770}.Release|Win32.ActiveCfg = Release|Win32
		{4214047C-F5C1-40B3-8369-5DCED8C32770}.Release|Win32.Build.0 = Release|Win32
		{4214047C-F5C1-40B3-8369-5DCED8C32770}.Release|x64.ActiveCfg = Release|x64
		{4214047C-F5C1-40B3-8369-5DCED8C32770}.Release|x64.Build.0 = Release|x64
		{F172EFFC-E30F-4593-809E-DB2024B1E753}.Debug|Win32.ActiveCfg = Debug|Win32
		{F172EFFC-E30F-4593-809E-DB2024B1E753}.Debug|Win32.Build.0 = Debug|Win32
		{F172EFFC-E30F-4593-809E-DB2024B1E753}.Debug|x64.ActiveCfg = Debug|x64
		{F172EFFC-E30F-4593-809E-DB2024B1E753}.Debug|x64.Build.0 = Debug|x64
		{F172EFFC-E30F-4593-809E-DB2024B1E753}.Release|Win32.ActiveCfg = Release|Win32
		{F172EFFC-E30F-4593-809E-DB2024B1E753}.Release|Win32.Build.0 = Release|Win32
		{F172EFFC-E30F-4593-809E-DB2024B1E753}.Release|x64.ActiveCfg = Release|x64
		{F172EFFC-E30F-4593-809E-DB2024B1E753}.Release|x64.Build.0 = Release|x64
		{C8AFB8C3-FFFD-460F-BC13-9AC25D7B117C}.Debug|Win32.ActiveCfg = Debug|Win32
		{C8AFB8C3-FFFD-460F-BC13-9AC25D7B117C}.Debug|Win32.Build.0 = Debug|Win32
		{C8AFB8C3-FFFD-460F-BC13-9AC25D7B117C}.Debug|x64.ActiveCfg = Debug|x64
		{C8AFB8C3-FFFD-460F-BC13-9AC25D7B117C}.Debug|x64.Build.0 = Debug|x64
		{C8AFB8C3-FFFD-460F-BC13-9AC25D7B117C}.Release|Win32.ActiveCfg = Release|Win32
		{C8AFB8C3-FFFD-460F-BC13-9AC25D7B117C}.Release|Win32.Build.0 = Release|Win32
		{C8AFB8C3-FFFD-460F-BC13-9AC25D7B117C}.Release|x64.ActiveCfg = Release|x64
		{C8AFB8C3-FFFD-460F-BC13-9AC25D7B117C}.Release|x64.Build.0 = Release|x64
		{E106ACD7-4E53-4AEE-942B-D0DD426DB34E}.Debug|Win32.ActiveCfg = Debug|Win32
		{E106ACD7-4E53-4AEE-942B-D0DD426DB34E}.Debug|Win32.Build.0 = Debug|Win32
		{E106ACD7-4E53-4AEE-942B-D0DD426DB34E}.Debug|x64.ActiveCfg = Debug|Win32
		{E106ACD7-4E53-4AEE-942B-D0DD426DB34E}.Release|Win32.ActiveCfg = Release|Win32
		{E106ACD7-4E53-4AEE-942B-D0DD426DB34E}.Release|Win32.Build.0 = Release|Win32
		{E106ACD7-4E53-4AEE-942B-D0DD426DB34E}.Release|x64.ActiveCfg = Release|Win32
		{46CF2D25-6A36-4189-B59C-E4815388E554}.Debug|Win32.ActiveCfg = Debug|Win32
		{46CF2D25-6A36-4189-B59C-E4815388E554}.Debug|Win32.Build.0 = Debug|Win32
		{46CF2D25-6A36-4189-B59C-E4815388E554}.Debug|x64.ActiveCfg = Debug|x64
		{46CF2D25-6A36-4189-B59C-E4815388E554}.Debug|x64.Build.0 = Debug|x64
		{46CF2D25-6A36-4189-B59C-E4815388E554}.Release|Win32.ActiveCfg = Release|Win32
		{46CF2D25-6A36-4189-B59C-E4815388E554}.Release|Win32.Build.0 = Release|Win32
		{46CF2D25-6A36-4189-B59C-E4815388E554}.Release|x64.ActiveCfg = Release|x64
		{46CF2D25-6A36-4189-B59C-E4815388E554}.Release|x64.Build.0 = Release|x64
	EndGlobalSection
	GlobalSection(SolutionProperties) = preSolution
		HideSolutionNode = FALSE
	EndGlobalSection
	GlobalSection(NestedProjects) = preSolution
		{52EC2966-EF28-4683-A104-C7508D3F9C07} = {7B6DE6F5-AF03-4378-9B4B-DCA55AD0A86D}
		{2E810868-0C1A-4A21-90BE-9094EA194C16} = {D14EDB71-D194-4AFC-869B-F02D4358A261}
		{724A6F4F-5D3F-45B5-8F85-16DB5EE9A59B} = {7B6DE6F5-AF03-4378-9B4B-DCA55AD0A86D}
		{EEF031CB-FED8-451E-A471-91EC8D4F6750} = {D14EDB71-D194-4AFC-869B-F02D4358A261}
		{079C7960-1EAB-4924-8D43-5C16E3B80C0F} = {D14EDB71-D194-4AFC-869B-F02D4358A261}
		{C10EA74D-AFD2-464B-B4E9-E624C4F78511} = {BFE47FE6-0BDA-43B5-9C07-C049DAB4D83C}
		{DD502E8B-FE76-4293-B48C-38E47ED444D5} = {BFE47FE6-0BDA-43B5-9C07-C049DAB4D83C}
		{C6D237DD-ED07-49C6-A6D0-154DB1F6A062} = {BFE47FE6-0BDA-43B5-9C07-C049DAB4D83C}
		{98EA0543-3270-4C5D-A339-BEAFCFFC2A4E} = {7B6DE6F5-AF03-4378-9B4B-DCA55AD0A86D}
		{FC6416CB-EE05-4784-B9A5-55D61FB6DE39} = {7B6DE6F5-AF03-4378-9B4B-DCA55AD0A86D}
		{550C7FB8-DBFE-4364-B26A-DAF7158CD878} = {D14EDB71-D194-4AFC-869B-F02D4358A261}
		{938391E4-A788-4BBF-8CDB-7DE418E5ACEA} = {D14EDB71-D194-4AFC-869B-F02D4358A261}
		{F3D1583C-5613-4809-BD98-7CC1C1276F92} = {938391E4-A788-4BBF-8CDB-7DE418E5ACEA}
		{12BCA020-EABF-429E-876A-A476BC9C10C0} = {938391E4-A788-4BBF-8CDB-7DE418E5ACEA}
		{4214047C-F5C1-40B3-8369-5DCED8C32770} = {938391E4-A788-4BBF-8CDB-7DE418E5ACEA}
		{F172EFFC-E30F-4593-809E-DB2024B1E753} = {938391E4-A788-4BBF-8CDB-7DE418E5ACEA}
		{C8AFB8C3-FFFD-460F-BC13-9AC25D7B117C} = {938391E4-A788-4BBF-8CDB-7DE418E5ACEA}
		{E106ACD7-4E53-4AEE-942B-D0DD426DB34E} = {D14EDB71-D194-4AFC-869B-F02D4358A261}
		{46CF2D25-6A36-4189-B59C-E4815388E554} = {D14EDB71-D194-4AFC-869B-F02D4358A261}
	EndGlobalSection
EndGlobal
